// !$*UTF8*$!
{
	archiveVersion = 1;
	classes = {
	};
	objectVersion = 56;
	objects = {

/* Begin PBXBuildFile section */
		07B8670D29683F8F00B4CD0D /* navigationpocApp.swift in Sources */ = {isa = PBXBuildFile; fileRef = 07B8670C29683F8F00B4CD0D /* navigationpocApp.swift */; };
		07B8670F29683F8F00B4CD0D /* ContentView.swift in Sources */ = {isa = PBXBuildFile; fileRef = 07B8670E29683F8F00B4CD0D /* ContentView.swift */; };
		07B8671129683F9100B4CD0D /* Assets.xcassets in Resources */ = {isa = PBXBuildFile; fileRef = 07B8671029683F9100B4CD0D /* Assets.xcassets */; };
		07B8671429683F9100B4CD0D /* Preview Assets.xcassets in Resources */ = {isa = PBXBuildFile; fileRef = 07B8671329683F9100B4CD0D /* Preview Assets.xcassets */; };
		07B86721296846EF00B4CD0D /* FlowStacks in Frameworks */ = {isa = PBXBuildFile; productRef = 07B86720296846EF00B4CD0D /* FlowStacks */; };
		07B867232968C7EF00B4CD0D /* backportlib.swift in Sources */ = {isa = PBXBuildFile; fileRef = 07B867222968C7EF00B4CD0D /* backportlib.swift */; };
		07B867262968C81800B4CD0D /* NavigationBackport in Frameworks */ = {isa = PBXBuildFile; productRef = 07B867252968C81800B4CD0D /* NavigationBackport */; };
		07B867282968E92300B4CD0D /* backportarray.swift in Sources */ = {isa = PBXBuildFile; fileRef = 07B867272968E92300B4CD0D /* backportarray.swift */; };
		07B8672A296900F900B4CD0D /* navigationstack.swift in Sources */ = {isa = PBXBuildFile; fileRef = 07B86729296900F900B4CD0D /* navigationstack.swift */; };
		07B8672D2969019300B4CD0D /* NavigationStack in Frameworks */ = {isa = PBXBuildFile; productRef = 07B8672C2969019300B4CD0D /* NavigationStack */; };
		07B867302969071400B4CD0D /* tagnavigation.swift in Sources */ = {isa = PBXBuildFile; fileRef = 07B8672F2969071400B4CD0D /* tagnavigation.swift */; };
		07B867322969D71A00B4CD0D /* uipilot.swift in Sources */ = {isa = PBXBuildFile; fileRef = 07B867312969D71A00B4CD0D /* uipilot.swift */; };
		07B867352969D74B00B4CD0D /* UIPilot in Frameworks */ = {isa = PBXBuildFile; productRef = 07B867342969D74B00B4CD0D /* UIPilot */; };
/* End PBXBuildFile section */

/* Begin PBXFileReference section */
		07B8670929683F8F00B4CD0D /* navigationpoc.app */ = {isa = PBXFileReference; explicitFileType = wrapper.application; includeInIndex = 0; path = navigationpoc.app; sourceTree = BUILT_PRODUCTS_DIR; };
		07B8670C29683F8F00B4CD0D /* navigationpocApp.swift */ = {isa = PBXFileReference; lastKnownFileType = sourcecode.swift; path = navigationpocApp.swift; sourceTree = "<group>"; };
		07B8670E29683F8F00B4CD0D /* ContentView.swift */ = {isa = PBXFileReference; lastKnownFileType = sourcecode.swift; path = ContentView.swift; sourceTree = "<group>"; };
		07B8671029683F9100B4CD0D /* Assets.xcassets */ = {isa = PBXFileReference; lastKnownFileType = folder.assetcatalog; path = Assets.xcassets; sourceTree = "<group>"; };
		07B8671329683F9100B4CD0D /* Preview Assets.xcassets */ = {isa = PBXFileReference; lastKnownFileType = folder.assetcatalog; path = "Preview Assets.xcassets"; sourceTree = "<group>"; };
		07B867222968C7EF00B4CD0D /* backportlib.swift */ = {isa = PBXFileReference; lastKnownFileType = sourcecode.swift; path = backportlib.swift; sourceTree = "<group>"; };
		07B867272968E92300B4CD0D /* backportarray.swift */ = {isa = PBXFileReference; lastKnownFileType = sourcecode.swift; path = backportarray.swift; sourceTree = "<group>"; };
		07B86729296900F900B4CD0D /* navigationstack.swift */ = {isa = PBXFileReference; lastKnownFileType = sourcecode.swift; path = navigationstack.swift; sourceTree = "<group>"; };
		07B8672F2969071400B4CD0D /* tagnavigation.swift */ = {isa = PBXFileReference; lastKnownFileType = sourcecode.swift; path = tagnavigation.swift; sourceTree = "<group>"; };
		07B867312969D71A00B4CD0D /* uipilot.swift */ = {isa = PBXFileReference; lastKnownFileType = sourcecode.swift; path = uipilot.swift; sourceTree = "<group>"; };
/* End PBXFileReference section */

/* Begin PBXFrameworksBuildPhase section */
		07B8670629683F8F00B4CD0D /* Frameworks */ = {
			isa = PBXFrameworksBuildPhase;
			buildActionMask = 2147483647;
			files = (
				07B867262968C81800B4CD0D /* NavigationBackport in Frameworks */,
				07B867352969D74B00B4CD0D /* UIPilot in Frameworks */,
				07B8672D2969019300B4CD0D /* NavigationStack in Frameworks */,
				07B86721296846EF00B4CD0D /* FlowStacks in Frameworks */,
			);
			runOnlyForDeploymentPostprocessing = 0;
		};
/* End PBXFrameworksBuildPhase section */

/* Begin PBXGroup section */
		07B8670029683F8F00B4CD0D = {
			isa = PBXGroup;
			children = (
				07B8670B29683F8F00B4CD0D /* navigationpoc */,
				07B8670A29683F8F00B4CD0D /* Products */,
			);
			sourceTree = "<group>";
		};
		07B8670A29683F8F00B4CD0D /* Products */ = {
			isa = PBXGroup;
			children = (
				07B8670929683F8F00B4CD0D /* navigationpoc.app */,
			);
			name = Products;
			sourceTree = "<group>";
		};
		07B8670B29683F8F00B4CD0D /* navigationpoc */ = {
			isa = PBXGroup;
			children = (
				07B8672F2969071400B4CD0D /* tagnavigation.swift */,
				07B8670C29683F8F00B4CD0D /* navigationpocApp.swift */,
				07B8670E29683F8F00B4CD0D /* ContentView.swift */,
				07B867222968C7EF00B4CD0D /* backportlib.swift */,
				07B867272968E92300B4CD0D /* backportarray.swift */,
				07B86729296900F900B4CD0D /* navigationstack.swift */,
				07B867312969D71A00B4CD0D /* uipilot.swift */,
				07B8671229683F9100B4CD0D /* Preview Content */,
			);
			path = navigationpoc;
			sourceTree = "<group>";
		};
		07B8671229683F9100B4CD0D /* Preview Content */ = {
			isa = PBXGroup;
			children = (
				07B8671029683F9100B4CD0D /* Assets.xcassets */,
				07B8671329683F9100B4CD0D /* Preview Assets.xcassets */,
			);
			path = "Preview Content";
			sourceTree = "<group>";
		};
/* End PBXGroup section */

/* Begin PBXNativeTarget section */
		07B8670829683F8F00B4CD0D /* navigationpoc */ = {
			isa = PBXNativeTarget;
			buildConfigurationList = 07B8671729683F9100B4CD0D /* Build configuration list for PBXNativeTarget "navigationpoc" */;
			buildPhases = (
				07B8670529683F8F00B4CD0D /* Sources */,
				07B8670629683F8F00B4CD0D /* Frameworks */,
				07B8670729683F8F00B4CD0D /* Resources */,
			);
			buildRules = (
			);
			dependencies = (
			);
			name = navigationpoc;
			packageProductDependencies = (
				07B86720296846EF00B4CD0D /* FlowStacks */,
				07B867252968C81800B4CD0D /* NavigationBackport */,
				07B8672C2969019300B4CD0D /* NavigationStack */,
				07B867342969D74B00B4CD0D /* UIPilot */,
			);
			productName = navigationpoc;
			productReference = 07B8670929683F8F00B4CD0D /* navigationpoc.app */;
			productType = "com.apple.product-type.application";
		};
/* End PBXNativeTarget section */

/* Begin PBXProject section */
		07B8670129683F8F00B4CD0D /* Project object */ = {
			isa = PBXProject;
			attributes = {
				BuildIndependentTargetsInParallel = 1;
				LastSwiftUpdateCheck = 1420;
				LastUpgradeCheck = 1420;
				TargetAttributes = {
					07B8670829683F8F00B4CD0D = {
						CreatedOnToolsVersion = 14.2;
					};
				};
			};
			buildConfigurationList = 07B8670429683F8F00B4CD0D /* Build configuration list for PBXProject "navigationpoc" */;
			compatibilityVersion = "Xcode 14.0";
			developmentRegion = en;
			hasScannedForEncodings = 0;
			knownRegions = (
				en,
				Base,
			);
			mainGroup = 07B8670029683F8F00B4CD0D;
			packageReferences = (
				07B8671F296846EF00B4CD0D /* XCRemoteSwiftPackageReference "FlowStacks" */,
				07B867242968C81800B4CD0D /* XCRemoteSwiftPackageReference "NavigationBackport" */,
				07B8672B2969019300B4CD0D /* XCRemoteSwiftPackageReference "swiftui-navigation-stack" */,
				07B867332969D74B00B4CD0D /* XCRemoteSwiftPackageReference "UIPilot" */,
			);
			productRefGroup = 07B8670A29683F8F00B4CD0D /* Products */;
			projectDirPath = "";
			projectRoot = "";
			targets = (
				07B8670829683F8F00B4CD0D /* navigationpoc */,
			);
		};
/* End PBXProject section */

/* Begin PBXResourcesBuildPhase section */
		07B8670729683F8F00B4CD0D /* Resources */ = {
			isa = PBXResourcesBuildPhase;
			buildActionMask = 2147483647;
			files = (
				07B8671429683F9100B4CD0D /* Preview Assets.xcassets in Resources */,
				07B8671129683F9100B4CD0D /* Assets.xcassets in Resources */,
			);
			runOnlyForDeploymentPostprocessing = 0;
		};
/* End PBXResourcesBuildPhase section */

/* Begin PBXSourcesBuildPhase section */
		07B8670529683F8F00B4CD0D /* Sources */ = {
			isa = PBXSourcesBuildPhase;
			buildActionMask = 2147483647;
			files = (
				07B867302969071400B4CD0D /* tagnavigation.swift in Sources */,
				07B867232968C7EF00B4CD0D /* backportlib.swift in Sources */,
				07B867322969D71A00B4CD0D /* uipilot.swift in Sources */,
				07B8670F29683F8F00B4CD0D /* ContentView.swift in Sources */,
				07B8670D29683F8F00B4CD0D /* navigationpocApp.swift in Sources */,
				07B8672A296900F900B4CD0D /* navigationstack.swift in Sources */,
				07B867282968E92300B4CD0D /* backportarray.swift in Sources */,
			);
			runOnlyForDeploymentPostprocessing = 0;
		};
/* End PBXSourcesBuildPhase section */

/* Begin XCBuildConfiguration section */
		07B8671529683F9100B4CD0D /* Debug */ = {
			isa = XCBuildConfiguration;
			buildSettings = {
				ALWAYS_SEARCH_USER_PATHS = NO;
				CLANG_ANALYZER_NONNULL = YES;
				CLANG_ANALYZER_NUMBER_OBJECT_CONVERSION = YES_AGGRESSIVE;
				CLANG_CXX_LANGUAGE_STANDARD = "gnu++20";
				CLANG_ENABLE_MODULES = YES;
				CLANG_ENABLE_OBJC_ARC = YES;
				CLANG_ENABLE_OBJC_WEAK = YES;
				CLANG_WARN_BLOCK_CAPTURE_AUTORELEASING = YES;
				CLANG_WARN_BOOL_CONVERSION = YES;
				CLANG_WARN_COMMA = YES;
				CLANG_WARN_CONSTANT_CONVERSION = YES;
				CLANG_WARN_DEPRECATED_OBJC_IMPLEMENTATIONS = YES;
				CLANG_WARN_DIRECT_OBJC_ISA_USAGE = YES_ERROR;
				CLANG_WARN_DOCUMENTATION_COMMENTS = YES;
				CLANG_WARN_EMPTY_BODY = YES;
				CLANG_WARN_ENUM_CONVERSION = YES;
				CLANG_WARN_INFINITE_RECURSION = YES;
				CLANG_WARN_INT_CONVERSION = YES;
				CLANG_WARN_NON_LITERAL_NULL_CONVERSION = YES;
				CLANG_WARN_OBJC_IMPLICIT_RETAIN_SELF = YES;
				CLANG_WARN_OBJC_LITERAL_CONVERSION = YES;
				CLANG_WARN_OBJC_ROOT_CLASS = YES_ERROR;
				CLANG_WARN_QUOTED_INCLUDE_IN_FRAMEWORK_HEADER = YES;
				CLANG_WARN_RANGE_LOOP_ANALYSIS = YES;
				CLANG_WARN_STRICT_PROTOTYPES = YES;
				CLANG_WARN_SUSPICIOUS_MOVE = YES;
				CLANG_WARN_UNGUARDED_AVAILABILITY = YES_AGGRESSIVE;
				CLANG_WARN_UNREACHABLE_CODE = YES;
				CLANG_WARN__DUPLICATE_METHOD_MATCH = YES;
				COPY_PHASE_STRIP = NO;
				DEBUG_INFORMATION_FORMAT = dwarf;
				ENABLE_STRICT_OBJC_MSGSEND = YES;
				ENABLE_TESTABILITY = YES;
				GCC_C_LANGUAGE_STANDARD = gnu11;
				GCC_DYNAMIC_NO_PIC = NO;
				GCC_NO_COMMON_BLOCKS = YES;
				GCC_OPTIMIZATION_LEVEL = 0;
				GCC_PREPROCESSOR_DEFINITIONS = (
					"DEBUG=1",
					"$(inherited)",
				);
				GCC_WARN_64_TO_32_BIT_CONVERSION = YES;
				GCC_WARN_ABOUT_RETURN_TYPE = YES_ERROR;
				GCC_WARN_UNDECLARED_SELECTOR = YES;
				GCC_WARN_UNINITIALIZED_AUTOS = YES_AGGRESSIVE;
				GCC_WARN_UNUSED_FUNCTION = YES;
				GCC_WARN_UNUSED_VARIABLE = YES;
				IPHONEOS_DEPLOYMENT_TARGET = 16.2;
				MTL_ENABLE_DEBUG_INFO = INCLUDE_SOURCE;
				MTL_FAST_MATH = YES;
				ONLY_ACTIVE_ARCH = YES;
				SDKROOT = iphoneos;
				SWIFT_ACTIVE_COMPILATION_CONDITIONS = DEBUG;
				SWIFT_OPTIMIZATION_LEVEL = "-Onone";
			};
			name = Debug;
		};
		07B8671629683F9100B4CD0D /* Release */ = {
			isa = XCBuildConfiguration;
			buildSettings = {
				ALWAYS_SEARCH_USER_PATHS = NO;
				CLANG_ANALYZER_NONNULL = YES;
				CLANG_ANALYZER_NUMBER_OBJECT_CONVERSION = YES_AGGRESSIVE;
				CLANG_CXX_LANGUAGE_STANDARD = "gnu++20";
				CLANG_ENABLE_MODULES = YES;
				CLANG_ENABLE_OBJC_ARC = YES;
				CLANG_ENABLE_OBJC_WEAK = YES;
				CLANG_WARN_BLOCK_CAPTURE_AUTORELEASING = YES;
				CLANG_WARN_BOOL_CONVERSION = YES;
				CLANG_WARN_COMMA = YES;
				CLANG_WARN_CONSTANT_CONVERSION = YES;
				CLANG_WARN_DEPRECATED_OBJC_IMPLEMENTATIONS = YES;
				CLANG_WARN_DIRECT_OBJC_ISA_USAGE = YES_ERROR;
				CLANG_WARN_DOCUMENTATION_COMMENTS = YES;
				CLANG_WARN_EMPTY_BODY = YES;
				CLANG_WARN_ENUM_CONVERSION = YES;
				CLANG_WARN_INFINITE_RECURSION = YES;
				CLANG_WARN_INT_CONVERSION = YES;
				CLANG_WARN_NON_LITERAL_NULL_CONVERSION = YES;
				CLANG_WARN_OBJC_IMPLICIT_RETAIN_SELF = YES;
				CLANG_WARN_OBJC_LITERAL_CONVERSION = YES;
				CLANG_WARN_OBJC_ROOT_CLASS = YES_ERROR;
				CLANG_WARN_QUOTED_INCLUDE_IN_FRAMEWORK_HEADER = YES;
				CLANG_WARN_RANGE_LOOP_ANALYSIS = YES;
				CLANG_WARN_STRICT_PROTOTYPES = YES;
				CLANG_WARN_SUSPICIOUS_MOVE = YES;
				CLANG_WARN_UNGUARDED_AVAILABILITY = YES_AGGRESSIVE;
				CLANG_WARN_UNREACHABLE_CODE = YES;
				CLANG_WARN__DUPLICATE_METHOD_MATCH = YES;
				COPY_PHASE_STRIP = NO;
				DEBUG_INFORMATION_FORMAT = "dwarf-with-dsym";
				ENABLE_NS_ASSERTIONS = NO;
				ENABLE_STRICT_OBJC_MSGSEND = YES;
				GCC_C_LANGUAGE_STANDARD = gnu11;
				GCC_NO_COMMON_BLOCKS = YES;
				GCC_WARN_64_TO_32_BIT_CONVERSION = YES;
				GCC_WARN_ABOUT_RETURN_TYPE = YES_ERROR;
				GCC_WARN_UNDECLARED_SELECTOR = YES;
				GCC_WARN_UNINITIALIZED_AUTOS = YES_AGGRESSIVE;
				GCC_WARN_UNUSED_FUNCTION = YES;
				GCC_WARN_UNUSED_VARIABLE = YES;
				IPHONEOS_DEPLOYMENT_TARGET = 16.2;
				MTL_ENABLE_DEBUG_INFO = NO;
				MTL_FAST_MATH = YES;
				SDKROOT = iphoneos;
				SWIFT_COMPILATION_MODE = wholemodule;
				SWIFT_OPTIMIZATION_LEVEL = "-O";
				VALIDATE_PRODUCT = YES;
			};
			name = Release;
		};
		07B8671829683F9100B4CD0D /* Debug */ = {
			isa = XCBuildConfiguration;
			buildSettings = {
				ASSETCATALOG_COMPILER_APPICON_NAME = AppIcon;
				ASSETCATALOG_COMPILER_GLOBAL_ACCENT_COLOR_NAME = AccentColor;
				CODE_SIGN_STYLE = Automatic;
				CURRENT_PROJECT_VERSION = 1;
				DEVELOPMENT_ASSET_PATHS = "\"navigationpoc/Preview Content\"";
				DEVELOPMENT_TEAM = HXG77LVF2P;
				ENABLE_PREVIEWS = YES;
				GENERATE_INFOPLIST_FILE = YES;
				INFOPLIST_KEY_UIApplicationSceneManifest_Generation = YES;
				INFOPLIST_KEY_UIApplicationSupportsIndirectInputEvents = YES;
				INFOPLIST_KEY_UILaunchScreen_Generation = YES;
				INFOPLIST_KEY_UISupportedInterfaceOrientations_iPad = "UIInterfaceOrientationPortrait UIInterfaceOrientationPortraitUpsideDown UIInterfaceOrientationLandscapeLeft UIInterfaceOrientationLandscapeRight";
				INFOPLIST_KEY_UISupportedInterfaceOrientations_iPhone = "UIInterfaceOrientationPortrait UIInterfaceOrientationLandscapeLeft UIInterfaceOrientationLandscapeRight";
				IPHONEOS_DEPLOYMENT_TARGET = 14.0;
				LD_RUNPATH_SEARCH_PATHS = (
					"$(inherited)",
					"@executable_path/Frameworks",
				);
				MARKETING_VERSION = 1.0;
				PRODUCT_BUNDLE_IDENTIFIER = co.impactzero.navigationpoc;
				PRODUCT_NAME = "$(TARGET_NAME)";
				SWIFT_EMIT_LOC_STRINGS = YES;
				SWIFT_VERSION = 5.0;
				TARGETED_DEVICE_FAMILY = "1,2";
			};
			name = Debug;
		};
		07B8671929683F9100B4CD0D /* Release */ = {
			isa = XCBuildConfiguration;
			buildSettings = {
				ASSETCATALOG_COMPILER_APPICON_NAME = AppIcon;
				ASSETCATALOG_COMPILER_GLOBAL_ACCENT_COLOR_NAME = AccentColor;
				CODE_SIGN_STYLE = Automatic;
				CURRENT_PROJECT_VERSION = 1;
				DEVELOPMENT_ASSET_PATHS = "\"navigationpoc/Preview Content\"";
				DEVELOPMENT_TEAM = HXG77LVF2P;
				ENABLE_PREVIEWS = YES;
				GENERATE_INFOPLIST_FILE = YES;
				INFOPLIST_KEY_UIApplicationSceneManifest_Generation = YES;
				INFOPLIST_KEY_UIApplicationSupportsIndirectInputEvents = YES;
				INFOPLIST_KEY_UILaunchScreen_Generation = YES;
				INFOPLIST_KEY_UISupportedInterfaceOrientations_iPad = "UIInterfaceOrientationPortrait UIInterfaceOrientationPortraitUpsideDown UIInterfaceOrientationLandscapeLeft UIInterfaceOrientationLandscapeRight";
				INFOPLIST_KEY_UISupportedInterfaceOrientations_iPhone = "UIInterfaceOrientationPortrait UIInterfaceOrientationLandscapeLeft UIInterfaceOrientationLandscapeRight";
				IPHONEOS_DEPLOYMENT_TARGET = 14.0;
				LD_RUNPATH_SEARCH_PATHS = (
					"$(inherited)",
					"@executable_path/Frameworks",
				);
				MARKETING_VERSION = 1.0;
				PRODUCT_BUNDLE_IDENTIFIER = co.impactzero.navigationpoc;
				PRODUCT_NAME = "$(TARGET_NAME)";
				SWIFT_EMIT_LOC_STRINGS = YES;
				SWIFT_VERSION = 5.0;
				TARGETED_DEVICE_FAMILY = "1,2";
			};
			name = Release;
		};
/* End XCBuildConfiguration section */

/* Begin XCConfigurationList section */
		07B8670429683F8F00B4CD0D /* Build configuration list for PBXProject "navigationpoc" */ = {
			isa = XCConfigurationList;
			buildConfigurations = (
				07B8671529683F9100B4CD0D /* Debug */,
				07B8671629683F9100B4CD0D /* Release */,
			);
			defaultConfigurationIsVisible = 0;
			defaultConfigurationName = Release;
		};
		07B8671729683F9100B4CD0D /* Build configuration list for PBXNativeTarget "navigationpoc" */ = {
			isa = XCConfigurationList;
			buildConfigurations = (
				07B8671829683F9100B4CD0D /* Debug */,
				07B8671929683F9100B4CD0D /* Release */,
			);
			defaultConfigurationIsVisible = 0;
			defaultConfigurationName = Release;
		};
/* End XCConfigurationList section */

/* Begin XCRemoteSwiftPackageReference section */
		07B8671F296846EF00B4CD0D /* XCRemoteSwiftPackageReference "FlowStacks" */ = {
			isa = XCRemoteSwiftPackageReference;
			repositoryURL = "https://github.com/johnpatrickmorgan/FlowStacks.git";
			requirement = {
				kind = upToNextMajorVersion;
				minimumVersion = 0.3.0;
			};
		};
		07B867242968C81800B4CD0D /* XCRemoteSwiftPackageReference "NavigationBackport" */ = {
			isa = XCRemoteSwiftPackageReference;
			repositoryURL = "https://github.com/johnpatrickmorgan/NavigationBackport.git";
			requirement = {
				kind = upToNextMajorVersion;
				minimumVersion = 0.7.0;
			};
		};
		07B8672B2969019300B4CD0D /* XCRemoteSwiftPackageReference "swiftui-navigation-stack" */ = {
			isa = XCRemoteSwiftPackageReference;
			repositoryURL = "https://github.com/matteopuc/swiftui-navigation-stack.git";
			requirement = {
				kind = upToNextMajorVersion;
				minimumVersion = 1.0.0;
			};
		};
		07B867332969D74B00B4CD0D /* XCRemoteSwiftPackageReference "UIPilot" */ = {
			isa = XCRemoteSwiftPackageReference;
			repositoryURL = "https://github.com/canopas/UIPilot.git";
			requirement = {
				kind = upToNextMajorVersion;
				minimumVersion = 2.0.0;
			};
		};
/* End XCRemoteSwiftPackageReference section */

/* Begin XCSwiftPackageProductDependency section */
		07B86720296846EF00B4CD0D /* FlowStacks */ = {
			isa = XCSwiftPackageProductDependency;
			package = 07B8671F296846EF00B4CD0D /* XCRemoteSwiftPackageReference "FlowStacks" */;
			productName = FlowStacks;
		};
		07B867252968C81800B4CD0D /* NavigationBackport */ = {
			isa = XCSwiftPackageProductDependency;
			package = 07B867242968C81800B4CD0D /* XCRemoteSwiftPackageReference "NavigationBackport" */;
			productName = NavigationBackport;
		};
		07B8672C2969019300B4CD0D /* NavigationStack */ = {
			isa = XCSwiftPackageProductDependency;
			package = 07B8672B2969019300B4CD0D /* XCRemoteSwiftPackageReference "swiftui-navigation-stack" */;
			productName = NavigationStack;
		};
		07B867342969D74B00B4CD0D /* UIPilot */ = {
			isa = XCSwiftPackageProductDependency;
			package = 07B867332969D74B00B4CD0D /* XCRemoteSwiftPackageReference "UIPilot" */;
			productName = UIPilot;
		};
/* End XCSwiftPackageProductDependency section */
	};
	rootObject = 07B8670129683F8F00B4CD0D /* Project object */;
}
